schema: '2.0'
stages:
  data_ingestion:
    cmd: python src/cnnClassifier/pipeline/data_ingestion_pipeline.py
    deps:
    - path: config/config.yaml
      hash: md5
      md5: deab408e4441eee46a43c7bfe87ed34d
      size: 567
    - path: src/cnnClassifier/pipeline/data_ingestion_pipeline.py
      hash: md5
      md5: 80b2781855c01c50efa5f9810750797c
      size: 889
    outs:
    - path: artifacts/data_ingestion/Chest-CT-Scan-data
      hash: md5
      md5: 904fa45d934ce879b3b1933dca6cb2f1.dir
      size: 49247431
      nfiles: 343
  prepare_base_model:
    cmd: python src/cnnClassifier/pipeline/prepare_base_model_pipe.py
    deps:
    - path: config/config.yaml
      hash: md5
      md5: deab408e4441eee46a43c7bfe87ed34d
      size: 567
    - path: src/cnnClassifier/pipeline/prepare_base_model_pipe.py
      hash: md5
      md5: 4443b014e2e05b63ec1a7f77ab59749b
      size: 997
    params:
      params.yaml:
        CLASSES: 2
        IMAGE_SIZE:
        - 224
        - 224
        - 3
        INCLUDE_TOP: false
        LEARNING_RATE: 0.01
        WEIGHTS: imagenet
    outs:
    - path: artifacts/prepare_base_model
      hash: md5
      md5: 79d8245e9bc1fb864eaf5e84216e9e35.dir
      size: 118054560
      nfiles: 2
  training:
    cmd: python src/cnnClassifier/pipeline/model_training_pipeline.py
    deps:
    - path: artifacts/data_ingestion/Chest-CT-Scan-data
      hash: md5
      md5: 904fa45d934ce879b3b1933dca6cb2f1.dir
      size: 49247431
      nfiles: 343
    - path: artifacts/prepare_base_model
      hash: md5
      md5: 79d8245e9bc1fb864eaf5e84216e9e35.dir
      size: 118054560
      nfiles: 2
    - path: config/config.yaml
      hash: md5
      md5: deab408e4441eee46a43c7bfe87ed34d
      size: 567
    - path: src/cnnClassifier/pipeline/model_training_pipeline.py
      hash: md5
      md5: 8330fe4211b1f959edd7bd4edea4560a
      size: 846
    params:
      params.yaml:
        AUGMENTATION: true
        BATCH_SIZE: 16
        EPOCHS: 2
        IMAGE_SIZE:
        - 224
        - 224
        - 3
    outs:
    - path: artifacts/training/model.h5
      hash: md5
      md5: 28d73338ebb28e3bc8b5f039d02e9d6d
      size: 59337520
  evaluation:
    cmd: python src/cnnClassifier/pipeline/evaluation_pipeline.py
    deps:
    - path: artifacts/data_ingestion/Chest-CT-Scan-data
      hash: md5
      md5: 904fa45d934ce879b3b1933dca6cb2f1.dir
      size: 49247431
      nfiles: 343
    - path: artifacts/training/model.h5
      hash: md5
      md5: 28d73338ebb28e3bc8b5f039d02e9d6d
      size: 59337520
    - path: config/config.yaml
      hash: md5
      md5: deab408e4441eee46a43c7bfe87ed34d
      size: 567
    - path: src/cnnClassifier/pipeline/evaluation_pipeline.py
      hash: md5
      md5: 2b34c1d4534a0eac932d7e5c0d8800e6
      size: 831
    params:
      params.yaml:
        BATCH_SIZE: 16
        IMAGE_SIZE:
        - 224
        - 224
        - 3
    outs:
    - path: scores.json
      hash: md5
      md5: d668d253a2fe8f5401f64d157407ef6a
      size: 69
